
Microsoft Visual Studio Solution File, Format Version 12.00
# Visual Studio Version 17
VisualStudioVersion = 17.5.002.0
MinimumVisualStudioVersion = 10.0.40219.1
Project("{9A19103F-16F7-4668-BE54-9A1E7A4F7556}") = "Truncation", "Truncation\Truncation.csproj", "{3F9E35FA-7CC0-42A4-9ACB-D24D41931141}"
EndProject
Project("{9A19103F-16F7-4668-BE54-9A1E7A4F7556}") = "Truncation.Tests", "Truncation.Tests\Truncation.Tests.csproj", "{40270BA9-72D2-4C57-B6AA-137158FDA146}"
EndProject
Global
	GlobalSection(SolutionConfigurationPlatforms) = preSolution
		Debug|Any CPU = Debug|Any CPU
		Release|Any CPU = Release|Any CPU
	EndGlobalSection
	GlobalSection(ProjectConfigurationPlatforms) = postSolution
		{3F9E35FA-7CC0-42A4-9ACB-D24D41931141}.Debug|Any CPU.ActiveCfg = Debug|Any CPU
		{3F9E35FA-7CC0-42A4-9ACB-D24D41931141}.Debug|Any CPU.Build.0 = Debug|Any CPU
		{3F9E35FA-7CC0-42A4-9ACB-D24D41931141}.Release|Any CPU.ActiveCfg = Release|Any CPU
		{3F9E35FA-7CC0-42A4-9ACB-D24D41931141}.Release|Any CPU.Build.0 = Release|Any CPU
		{40270BA9-72D2-4C57-B6AA-137158FDA146}.Debug|Any CPU.ActiveCfg = Debug|Any CPU
		{40270BA9-72D2-4C57-B6AA-137158FDA146}.Debug|Any CPU.Build.0 = Debug|Any CPU
		{40270BA9-72D2-4C57-B6AA-137158FDA146}.Release|Any CPU.ActiveCfg = Release|Any CPU
		{40270BA9-72D2-4C57-B6AA-137158FDA146}.Release|Any CPU.Build.0 = Release|Any CPU
	EndGlobalSection
	GlobalSection(SolutionProperties) = preSolution
		HideSolutionNode = FALSE
	EndGlobalSection
	GlobalSection(ExtensibilityGlobals) = postSolution
		SolutionGuid = {AF6333A6-A56E-48C0-B659-6672431833F0}
	EndGlobalSection
EndGlobal
